
Microsoft Visual Studio Solution File, Format Version 12.00
# Visual Studio Version 16
VisualStudioVersion = 16.0.31424.327
MinimumVisualStudioVersion = 10.0.40219.1
Project("{FAE04EC0-301F-11D3-BF4B-00C04F79EFBC}") = "MSysTest", "MSysTest\MSysTest.csproj", "{F14BB33D-6754-48A5-8E9A-EA98244FB6F4}"
EndProject
Global
	GlobalSection(SolutionConfigurationPlatforms) = preSolution
		Debug|Any CPU = Debug|Any CPU
		Release|Any CPU = Release|Any CPU
	EndGlobalSection
	GlobalSection(ProjectConfigurationPlatforms) = postSolution
		{F14BB33D-6754-48A5-8E9A-EA98244FB6F4}.Debug|Any CPU.ActiveCfg = Debug|Any CPU
		{F14BB33D-6754-48A5-8E9A-EA98244FB6F4}.Debug|Any CPU.Build.0 = Debug|Any CPU
		{F14BB33D-6754-48A5-8E9A-EA98244FB6F4}.Release|Any CPU.ActiveCfg = Release|Any CPU
		{F14BB33D-6754-48A5-8E9A-EA98244FB6F4}.Release|Any CPU.Build.0 = Release|Any CPU
	EndGlobalSection
	GlobalSection(SolutionProperties) = preSolution
		HideSolutionNode = FALSE
	EndGlobalSection
	GlobalSection(ExtensibilityGlobals) = postSolution
		SolutionGuid = {A02E0E91-1B1E-44C5-AFD7-F4CB8C050C5D}
	EndGlobalSection
EndGlobal
